
Microsoft Visual Studio Solution File, Format Version 12.00
Project("{FAE04EC0-301F-11D3-BF4B-00C04F79EFBC}") = "lab3", "lab3\lab3.csproj", "{2EE7DE61-57EE-4E2B-9649-7B38BCE9AD6A}"
EndProject
Global
	GlobalSection(SolutionConfigurationPlatforms) = preSolution
		Debug|Any CPU = Debug|Any CPU
		Release|Any CPU = Release|Any CPU
	EndGlobalSection
	GlobalSection(ProjectConfigurationPlatforms) = postSolution
		{2EE7DE61-57EE-4E2B-9649-7B38BCE9AD6A}.Debug|Any CPU.ActiveCfg = Debug|Any CPU
		{2EE7DE61-57EE-4E2B-9649-7B38BCE9AD6A}.Debug|Any CPU.Build.0 = Debug|Any CPU
		{2EE7DE61-57EE-4E2B-9649-7B38BCE9AD6A}.Release|Any CPU.ActiveCfg = Release|Any CPU
		{2EE7DE61-57EE-4E2B-9649-7B38BCE9AD6A}.Release|Any CPU.Build.0 = Release|Any CPU
	EndGlobalSection
EndGlobal
